
Microsoft Visual Studio Solution File, Format Version 12.00
# Visual Studio Version 17
VisualStudioVersion = 17.9.34728.123
MinimumVisualStudioVersion = 10.0.40219.1
Project("{FAE04EC0-301F-11D3-BF4B-00C04F79EFBC}") = "EFCoreWithEntity", "EF\EFCoreWithEntity.csproj", "{1F9DF19C-206A-4AB9-B6DF-B135C6F7F729}"
EndProject
Global
	GlobalSection(SolutionConfigurationPlatforms) = preSolution
		Debug|Any CPU = Debug|Any CPU
		Release|Any CPU = Release|Any CPU
	EndGlobalSection
	GlobalSection(ProjectConfigurationPlatforms) = postSolution
		{1F9DF19C-206A-4AB9-B6DF-B135C6F7F729}.Debug|Any CPU.ActiveCfg = Debug|Any CPU
		{1F9DF19C-206A-4AB9-B6DF-B135C6F7F729}.Debug|Any CPU.Build.0 = Debug|Any CPU
		{1F9DF19C-206A-4AB9-B6DF-B135C6F7F729}.Release|Any CPU.ActiveCfg = Release|Any CPU
		{1F9DF19C-206A-4AB9-B6DF-B135C6F7F729}.Release|Any CPU.Build.0 = Release|Any CPU
	EndGlobalSection
	GlobalSection(SolutionProperties) = preSolution
		HideSolutionNode = FALSE
	EndGlobalSection
	GlobalSection(ExtensibilityGlobals) = postSolution
		SolutionGuid = {EF3510E9-8438-481A-89FB-BC8AE5B26927}
	EndGlobalSection
EndGlobal
